
Microsoft Visual Studio Solution File, Format Version 12.00
# Visual Studio Version 17
VisualStudioVersion = 17.7.34024.191
MinimumVisualStudioVersion = 10.0.40219.1
Project("{FAE04EC0-301F-11D3-BF4B-00C04F79EFBC}") = "OfflineFirstRazor", "OfflineFirstRazor\OfflineFirstRazor.csproj", "{ACE8779F-F3FA-44A7-AF8C-69B2CF6BB322}"
EndProject
Global
	GlobalSection(SolutionConfigurationPlatforms) = preSolution
		Debug|Any CPU = Debug|Any CPU
		Release|Any CPU = Release|Any CPU
	EndGlobalSection
	GlobalSection(ProjectConfigurationPlatforms) = postSolution
		{ACE8779F-F3FA-44A7-AF8C-69B2CF6BB322}.Debug|Any CPU.ActiveCfg = Debug|Any CPU
		{ACE8779F-F3FA-44A7-AF8C-69B2CF6BB322}.Debug|Any CPU.Build.0 = Debug|Any CPU
		{ACE8779F-F3FA-44A7-AF8C-69B2CF6BB322}.Release|Any CPU.ActiveCfg = Release|Any CPU
		{ACE8779F-F3FA-44A7-AF8C-69B2CF6BB322}.Release|Any CPU.Build.0 = Release|Any CPU
	EndGlobalSection
	GlobalSection(SolutionProperties) = preSolution
		HideSolutionNode = FALSE
	EndGlobalSection
	GlobalSection(ExtensibilityGlobals) = postSolution
		SolutionGuid = {25DBC7F5-D252-4876-AADD-F11B06B97D38}
	EndGlobalSection
EndGlobal
